
Microsoft Visual Studio Solution File, Format Version 12.00
# Visual Studio Version 17
VisualStudioVersion = 17.6.33801.468
MinimumVisualStudioVersion = 10.0.40219.1
Project("{FAE04EC0-301F-11D3-BF4B-00C04F79EFBC}") = "AspIdentityUserApp", "AspIdentityUserApp\AspIdentityUserApp.csproj", "{5F2472DE-252B-45C4-A729-56AABF8A8079}"
EndProject
Global
	GlobalSection(SolutionConfigurationPlatforms) = preSolution
		Debug|Any CPU = Debug|Any CPU
		Release|Any CPU = Release|Any CPU
	EndGlobalSection
	GlobalSection(ProjectConfigurationPlatforms) = postSolution
		{5F2472DE-252B-45C4-A729-56AABF8A8079}.Debug|Any CPU.ActiveCfg = Debug|Any CPU
		{5F2472DE-252B-45C4-A729-56AABF8A8079}.Debug|Any CPU.Build.0 = Debug|Any CPU
		{5F2472DE-252B-45C4-A729-56AABF8A8079}.Release|Any CPU.ActiveCfg = Release|Any CPU
		{5F2472DE-252B-45C4-A729-56AABF8A8079}.Release|Any CPU.Build.0 = Release|Any CPU
	EndGlobalSection
	GlobalSection(SolutionProperties) = preSolution
		HideSolutionNode = FALSE
	EndGlobalSection
	GlobalSection(ExtensibilityGlobals) = postSolution
		SolutionGuid = {0E7353A9-410F-45BD-A611-08C282283954}
	EndGlobalSection
EndGlobal
